
Microsoft Visual Studio Solution File, Format Version 12.00
# Visual Studio Version 16
VisualStudioVersion = 16.0.30907.101
MinimumVisualStudioVersion = 10.0.40219.1
Project("{9A19103F-16F7-4668-BE54-9A1E7A4F7556}") = "MyTelegramBot", "MyTelegramBot\MyTelegramBot.csproj", "{9F63C107-2C40-4088-B9F4-E4FBFC6F3B1E}"
EndProject
Project("{2150E333-8FDC-42A3-9474-1A3956D46DE8}") = "Solution Items", "Solution Items", "{E6776E7A-5FE0-4F8B-AD04-A21D745DC8EB}"
	ProjectSection(SolutionItems) = preProject
		azure-pipelines.yml = azure-pipelines.yml
		Dockerfile = Dockerfile
	EndProjectSection
EndProject
Global
	GlobalSection(SolutionConfigurationPlatforms) = preSolution
		Debug|Any CPU = Debug|Any CPU
		Release|Any CPU = Release|Any CPU
	EndGlobalSection
	GlobalSection(ProjectConfigurationPlatforms) = postSolution
		{9F63C107-2C40-4088-B9F4-E4FBFC6F3B1E}.Debug|Any CPU.ActiveCfg = Debug|Any CPU
		{9F63C107-2C40-4088-B9F4-E4FBFC6F3B1E}.Debug|Any CPU.Build.0 = Debug|Any CPU
		{9F63C107-2C40-4088-B9F4-E4FBFC6F3B1E}.Release|Any CPU.ActiveCfg = Release|Any CPU
		{9F63C107-2C40-4088-B9F4-E4FBFC6F3B1E}.Release|Any CPU.Build.0 = Release|Any CPU
	EndGlobalSection
	GlobalSection(SolutionProperties) = preSolution
		HideSolutionNode = FALSE
	EndGlobalSection
	GlobalSection(ExtensibilityGlobals) = postSolution
		SolutionGuid = {DABE633B-DBD0-49E6-B4C7-F0B2BBE4D346}
	EndGlobalSection
EndGlobal
